
Microsoft Visual Studio Solution File, Format Version 12.00
# Visual Studio 15
Project("{FAE04EC0-301F-11D3-BF4B-00C04F79EFBC}") = "atm", "atm\atm.csproj", "{C217B4F7-1479-41FB-8AFD-37DC23F396CC}"
EndProject
Global
	GlobalSection(SolutionConfigurationPlatforms) = preSolution
		Debug|Any CPU = Debug|Any CPU
		Release|Any CPU = Release|Any CPU
	EndGlobalSection
	GlobalSection(ProjectConfigurationPlatforms) = postSolution
		{C217B4F7-1479-41FB-8AFD-37DC23F396CC}.Debug|Any CPU.ActiveCfg = Debug|Any CPU
		{C217B4F7-1479-41FB-8AFD-37DC23F396CC}.Debug|Any CPU.Build.0 = Debug|Any CPU
		{C217B4F7-1479-41FB-8AFD-37DC23F396CC}.Release|Any CPU.ActiveCfg = Release|Any CPU
		{C217B4F7-1479-41FB-8AFD-37DC23F396CC}.Release|Any CPU.Build.0 = Release|Any CPU
	EndGlobalSection
EndGlobal
